
Microsoft Visual Studio Solution File, Format Version 12.00
# Visual Studio Version 16
VisualStudioVersion = 16.0.31729.503
MinimumVisualStudioVersion = 10.0.40219.1
Project("{FAE04EC0-301F-11D3-BF4B-00C04F79EFBC}") = "Kitap_indirimi", "Kitap_indirimi\Kitap_indirimi.csproj", "{D3BA4832-E440-450F-B77E-0EC5532F3723}"
EndProject
Global
	GlobalSection(SolutionConfigurationPlatforms) = preSolution
		Debug|Any CPU = Debug|Any CPU
		Release|Any CPU = Release|Any CPU
	EndGlobalSection
	GlobalSection(ProjectConfigurationPlatforms) = postSolution
		{D3BA4832-E440-450F-B77E-0EC5532F3723}.Debug|Any CPU.ActiveCfg = Debug|Any CPU
		{D3BA4832-E440-450F-B77E-0EC5532F3723}.Debug|Any CPU.Build.0 = Debug|Any CPU
		{D3BA4832-E440-450F-B77E-0EC5532F3723}.Release|Any CPU.ActiveCfg = Release|Any CPU
		{D3BA4832-E440-450F-B77E-0EC5532F3723}.Release|Any CPU.Build.0 = Release|Any CPU
	EndGlobalSection
	GlobalSection(SolutionProperties) = preSolution
		HideSolutionNode = FALSE
	EndGlobalSection
	GlobalSection(ExtensibilityGlobals) = postSolution
		SolutionGuid = {D9C75A1B-79BF-4AFA-9C41-BC5886BD1478}
	EndGlobalSection
EndGlobal
